
Microsoft Visual Studio Solution File, Format Version 12.00
# Visual Studio Version 17
VisualStudioVersion = 17.14.37628.2 d17.14
MinimumVisualStudioVersion = 10.0.40219.1
Project("{FAE04EC0-301F-11D3-BF4B-00C04F79EFBC}") = "CRUD", "CRUD\CRUD.csproj", "{7FB40018-7FD8-4449-A1E5-009B11344D9E}"
EndProject
Global
	GlobalSection(SolutionConfigurationPlatforms) = preSolution
		Debug|Any CPU = Debug|Any CPU
		Release|Any CPU = Release|Any CPU
	EndGlobalSection
	GlobalSection(ProjectConfigurationPlatforms) = postSolution
		{7FB40018-7FD8-4449-A1E5-009B11344D9E}.Debug|Any CPU.ActiveCfg = Debug|Any CPU
		{7FB40018-7FD8-4449-A1E5-009B11344D9E}.Debug|Any CPU.Build.0 = Debug|Any CPU
		{7FB40018-7FD8-4449-A1E5-009B11344D9E}.Release|Any CPU.ActiveCfg = Release|Any CPU
		{7FB40018-7FD8-4449-A1E5-009B11344D9E}.Release|Any CPU.Build.0 = Release|Any CPU
	EndGlobalSection
	GlobalSection(SolutionProperties) = preSolution
		HideSolutionNode = FALSE
	EndGlobalSection
	GlobalSection(ExtensibilityGlobals) = postSolution
		SolutionGuid = {B1B074FA-580C-45BE-A0AA-69137941FA32}
	EndGlobalSection
EndGlobal
